
Microsoft Visual Studio Solution File, Format Version 12.00
# Visual Studio Version 17
VisualStudioVersion = 17.5.002.0
MinimumVisualStudioVersion = 10.0.40219.1
Project("{9A19103F-16F7-4668-BE54-9A1E7A4F7556}") = "IdentityService", "IdentityService.csproj", "{2696D821-008A-4CFE-A2F8-0C2BA514EF57}"
EndProject
Global
	GlobalSection(SolutionConfigurationPlatforms) = preSolution
		Debug|Any CPU = Debug|Any CPU
		Release|Any CPU = Release|Any CPU
	EndGlobalSection
	GlobalSection(ProjectConfigurationPlatforms) = postSolution
		{2696D821-008A-4CFE-A2F8-0C2BA514EF57}.Debug|Any CPU.ActiveCfg = Debug|Any CPU
		{2696D821-008A-4CFE-A2F8-0C2BA514EF57}.Debug|Any CPU.Build.0 = Debug|Any CPU
		{2696D821-008A-4CFE-A2F8-0C2BA514EF57}.Release|Any CPU.ActiveCfg = Release|Any CPU
		{2696D821-008A-4CFE-A2F8-0C2BA514EF57}.Release|Any CPU.Build.0 = Release|Any CPU
	EndGlobalSection
	GlobalSection(SolutionProperties) = preSolution
		HideSolutionNode = FALSE
	EndGlobalSection
	GlobalSection(ExtensibilityGlobals) = postSolution
		SolutionGuid = {72D072C6-14EF-4D8B-B399-29ECADA011D5}
	EndGlobalSection
EndGlobal
